
Microsoft Visual Studio Solution File, Format Version 12.00
# Visual Studio Version 17
VisualStudioVersion = 17.8.34316.72
MinimumVisualStudioVersion = 10.0.40219.1
Project("{FAE04EC0-301F-11D3-BF4B-00C04F79EFBC}") = "ApiLayer", "ApiLayer\ApiLayer.csproj", "{85434E61-070B-416D-A33D-D03C1D34BADF}"
EndProject
Project("{FAE04EC0-301F-11D3-BF4B-00C04F79EFBC}") = "Domain", "Domain\Domain.csproj", "{80FB1D6A-EEF0-4390-8B91-FEEFC5636AE6}"
EndProject
Global
	GlobalSection(SolutionConfigurationPlatforms) = preSolution
		Debug|Any CPU = Debug|Any CPU
		Release|Any CPU = Release|Any CPU
	EndGlobalSection
	GlobalSection(ProjectConfigurationPlatforms) = postSolution
		{85434E61-070B-416D-A33D-D03C1D34BADF}.Debug|Any CPU.ActiveCfg = Debug|Any CPU
		{85434E61-070B-416D-A33D-D03C1D34BADF}.Debug|Any CPU.Build.0 = Debug|Any CPU
		{85434E61-070B-416D-A33D-D03C1D34BADF}.Release|Any CPU.ActiveCfg = Release|Any CPU
		{85434E61-070B-416D-A33D-D03C1D34BADF}.Release|Any CPU.Build.0 = Release|Any CPU
		{80FB1D6A-EEF0-4390-8B91-FEEFC5636AE6}.Debug|Any CPU.ActiveCfg = Debug|Any CPU
		{80FB1D6A-EEF0-4390-8B91-FEEFC5636AE6}.Debug|Any CPU.Build.0 = Debug|Any CPU
		{80FB1D6A-EEF0-4390-8B91-FEEFC5636AE6}.Release|Any CPU.ActiveCfg = Release|Any CPU
		{80FB1D6A-EEF0-4390-8B91-FEEFC5636AE6}.Release|Any CPU.Build.0 = Release|Any CPU
	EndGlobalSection
	GlobalSection(SolutionProperties) = preSolution
		HideSolutionNode = FALSE
	EndGlobalSection
	GlobalSection(ExtensibilityGlobals) = postSolution
		SolutionGuid = {2F9813D5-C3BD-4590-849E-B5BA95958487}
	EndGlobalSection
EndGlobal
